
Microsoft Visual Studio Solution File, Format Version 12.00
# Visual Studio Version 16
VisualStudioVersion = 16.0.30204.135
MinimumVisualStudioVersion = 10.0.40219.1
Project("{9A19103F-16F7-4668-BE54-9A1E7A4F7556}") = "DynamicFilterCore", "DynamicFilter\DynamicFilterCore.csproj", "{B5D021D8-6CBE-497E-9BB6-0AD2FC1F9F3F}"
EndProject
Global
	GlobalSection(SolutionConfigurationPlatforms) = preSolution
		Debug|Any CPU = Debug|Any CPU
		Release|Any CPU = Release|Any CPU
	EndGlobalSection
	GlobalSection(ProjectConfigurationPlatforms) = postSolution
		{B5D021D8-6CBE-497E-9BB6-0AD2FC1F9F3F}.Debug|Any CPU.ActiveCfg = Debug|Any CPU
		{B5D021D8-6CBE-497E-9BB6-0AD2FC1F9F3F}.Debug|Any CPU.Build.0 = Debug|Any CPU
		{B5D021D8-6CBE-497E-9BB6-0AD2FC1F9F3F}.Release|Any CPU.ActiveCfg = Release|Any CPU
		{B5D021D8-6CBE-497E-9BB6-0AD2FC1F9F3F}.Release|Any CPU.Build.0 = Release|Any CPU
	EndGlobalSection
	GlobalSection(SolutionProperties) = preSolution
		HideSolutionNode = FALSE
	EndGlobalSection
	GlobalSection(ExtensibilityGlobals) = postSolution
		SolutionGuid = {75D4F754-3B7E-40E9-A390-7C0104FBD5E1}
	EndGlobalSection
EndGlobal
